// !$*UTF8*$!
{
	archiveVersion = 1;
	classes = {
	};
	objectVersion = 52;
	objects = {

/* Begin PBXBuildFile section */
		8B05134F238A5D3100CD0C66 /* ListFavoritesAction.swift in Sources */ = {isa = PBXBuildFile; fileRef = 8B05134E238A5D3100CD0C66 /* ListFavoritesAction.swift */; };
		8B051351238A5D3E00CD0C66 /* ListFavoritesState.swift in Sources */ = {isa = PBXBuildFile; fileRef = 8B051350238A5D3E00CD0C66 /* ListFavoritesState.swift */; };
		8B2CACCC2388C05D008AFD30 /* LaunchMainView.swift in Sources */ = {isa = PBXBuildFile; fileRef = 8B2CACCB2388C05D008AFD30 /* LaunchMainView.swift */; };
		8B70D68D238CCF040082CD15 /* RenderType.swift in Sources */ = {isa = PBXBuildFile; fileRef = 8B70D689238CCF040082CD15 /* RenderType.swift */; };
		8B70D68E238CCF040082CD15 /* ReducerType.swift in Sources */ = {isa = PBXBuildFile; fileRef = 8B70D68A238CCF040082CD15 /* ReducerType.swift */; };
		8B70D68F238CCF040082CD15 /* StateType.swift in Sources */ = {isa = PBXBuildFile; fileRef = 8B70D68B238CCF040082CD15 /* StateType.swift */; };
		8B70D690238CCF040082CD15 /* ActionType.swift in Sources */ = {isa = PBXBuildFile; fileRef = 8B70D68C238CCF040082CD15 /* ActionType.swift */; };
		8B70D692238CCF800082CD15 /* StoreType.swift in Sources */ = {isa = PBXBuildFile; fileRef = 8B70D691238CCF800082CD15 /* StoreType.swift */; };
		8B70D696238D80730082CD15 /* MiddlewareType.swift in Sources */ = {isa = PBXBuildFile; fileRef = 8B70D695238D80730082CD15 /* MiddlewareType.swift */; };
		8B70D69A238D9CD50082CD15 /* TestMiddleware.swift in Sources */ = {isa = PBXBuildFile; fileRef = 8B70D699238D9CD50082CD15 /* TestMiddleware.swift */; };
		8BB188B323864C2F00ED6018 /* ListArticlesView.swift in Sources */ = {isa = PBXBuildFile; fileRef = 8BB188B223864C2F00ED6018 /* ListArticlesView.swift */; };
		8BB188B623864CB200ED6018 /* ShowProfileView.swift in Sources */ = {isa = PBXBuildFile; fileRef = 8BB188B523864CB200ED6018 /* ShowProfileView.swift */; };
		8BB188B823864CBE00ED6018 /* ShowArticleView.swift in Sources */ = {isa = PBXBuildFile; fileRef = 8BB188B723864CBE00ED6018 /* ShowArticleView.swift */; };
		8BB188BA23864CC300ED6018 /* ListFavoritesView.swift in Sources */ = {isa = PBXBuildFile; fileRef = 8BB188B923864CC300ED6018 /* ListFavoritesView.swift */; };
		8BB188BC23864CC800ED6018 /* ShowSettingsView.swift in Sources */ = {isa = PBXBuildFile; fileRef = 8BB188BB23864CC800ED6018 /* ShowSettingsView.swift */; };
		8BCDF53E238B15BE00FCC1F6 /* ShowArticleAction.swift in Sources */ = {isa = PBXBuildFile; fileRef = 8BCDF53D238B15BE00FCC1F6 /* ShowArticleAction.swift */; };
		8BCDF540238B15CC00FCC1F6 /* ShowArticleState.swift in Sources */ = {isa = PBXBuildFile; fileRef = 8BCDF53F238B15CC00FCC1F6 /* ShowArticleState.swift */; };
		8BCDF542238B681700FCC1F6 /* ListArticlesReducer.swift in Sources */ = {isa = PBXBuildFile; fileRef = 8BCDF541238B681700FCC1F6 /* ListArticlesReducer.swift */; };
		8BCDF544238C076C00FCC1F6 /* ShowArticleReducer.swift in Sources */ = {isa = PBXBuildFile; fileRef = 8BCDF543238C076C00FCC1F6 /* ShowArticleReducer.swift */; };
		8BCDF546238C145900FCC1F6 /* ListFavoritesReducer.swift in Sources */ = {isa = PBXBuildFile; fileRef = 8BCDF545238C145900FCC1F6 /* ListFavoritesReducer.swift */; };
		8BEFE55A2388F390000508B5 /* LaunchMainRender.swift in Sources */ = {isa = PBXBuildFile; fileRef = 8BEFE5582388F390000508B5 /* LaunchMainRender.swift */; };
		8BEFE55F2388F39E000508B5 /* ListArticlesAction.swift in Sources */ = {isa = PBXBuildFile; fileRef = 8BEFE55B2388F39E000508B5 /* ListArticlesAction.swift */; };
		8BEFE5602388F39E000508B5 /* ListArticlesState.swift in Sources */ = {isa = PBXBuildFile; fileRef = 8BEFE55C2388F39E000508B5 /* ListArticlesState.swift */; };
		8BEFE5622388F39E000508B5 /* ListArticlesRender.swift in Sources */ = {isa = PBXBuildFile; fileRef = 8BEFE55E2388F39E000508B5 /* ListArticlesRender.swift */; };
		8BF8579E2385CD470046FEC7 /* AppDelegate.swift in Sources */ = {isa = PBXBuildFile; fileRef = 8BF8579D2385CD470046FEC7 /* AppDelegate.swift */; };
		8BF857A42385CD4A0046FEC7 /* Assets.xcassets in Resources */ = {isa = PBXBuildFile; fileRef = 8BF857A32385CD4A0046FEC7 /* Assets.xcassets */; };
		8BF857A72385CD4A0046FEC7 /* Preview Assets.xcassets in Resources */ = {isa = PBXBuildFile; fileRef = 8BF857A62385CD4A0046FEC7 /* Preview Assets.xcassets */; };
		8BF857AA2385CD4A0046FEC7 /* LaunchScreen.storyboard in Resources */ = {isa = PBXBuildFile; fileRef = 8BF857A82385CD4A0046FEC7 /* LaunchScreen.storyboard */; };
		8BF857B82385CDA30046FEC7 /* SceneDelegate.swift in Sources */ = {isa = PBXBuildFile; fileRef = 8BF857B42385CDA30046FEC7 /* SceneDelegate.swift */; };
		8BF857BB2385E69B0046FEC7 /* NewsCore in Frameworks */ = {isa = PBXBuildFile; productRef = 8BF857BA2385E69B0046FEC7 /* NewsCore */; };
		8BF857BD2385EE490046FEC7 /* AppCore.swift in Sources */ = {isa = PBXBuildFile; fileRef = 8BF857BC2385EE490046FEC7 /* AppCore.swift */; };
		8BF857C22385EF5F0046FEC7 /* seed.json in Resources */ = {isa = PBXBuildFile; fileRef = 8BF857C12385EF5F0046FEC7 /* seed.json */; };
		8BF857C52385EFB20046FEC7 /* DefaultTheme.swift in Sources */ = {isa = PBXBuildFile; fileRef = 8BF857C42385EFB20046FEC7 /* DefaultTheme.swift */; };
		8BF857C72385F00A0046FEC7 /* Theme.xcassets in Resources */ = {isa = PBXBuildFile; fileRef = 8BF857C62385F00A0046FEC7 /* Theme.xcassets */; };
		8BF857C92386079D0046FEC7 /* AppStore.swift in Sources */ = {isa = PBXBuildFile; fileRef = 8BF857C82386079C0046FEC7 /* AppStore.swift */; };
		8BFB234523870CE70039EBEE /* LoggerPlugin.swift in Sources */ = {isa = PBXBuildFile; fileRef = 8BFB234423870CE70039EBEE /* LoggerPlugin.swift */; };
		8BFB234723870CF50039EBEE /* CachePlugin.swift in Sources */ = {isa = PBXBuildFile; fileRef = 8BFB234623870CF50039EBEE /* CachePlugin.swift */; };
		8BFB2352238729160039EBEE /* SceneRender.swift in Sources */ = {isa = PBXBuildFile; fileRef = 8BFB2351238729160039EBEE /* SceneRender.swift */; };
/* End PBXBuildFile section */

/* Begin PBXFileReference section */
		8B05134E238A5D3100CD0C66 /* ListFavoritesAction.swift */ = {isa = PBXFileReference; lastKnownFileType = sourcecode.swift; path = ListFavoritesAction.swift; sourceTree = "<group>"; };
		8B051350238A5D3E00CD0C66 /* ListFavoritesState.swift */ = {isa = PBXFileReference; lastKnownFileType = sourcecode.swift; path = ListFavoritesState.swift; sourceTree = "<group>"; };
		8B2CACCB2388C05D008AFD30 /* LaunchMainView.swift */ = {isa = PBXFileReference; lastKnownFileType = sourcecode.swift; path = LaunchMainView.swift; sourceTree = "<group>"; };
		8B70D689238CCF040082CD15 /* RenderType.swift */ = {isa = PBXFileReference; fileEncoding = 4; lastKnownFileType = sourcecode.swift; path = RenderType.swift; sourceTree = "<group>"; };
		8B70D68A238CCF040082CD15 /* ReducerType.swift */ = {isa = PBXFileReference; fileEncoding = 4; lastKnownFileType = sourcecode.swift; path = ReducerType.swift; sourceTree = "<group>"; };
		8B70D68B238CCF040082CD15 /* StateType.swift */ = {isa = PBXFileReference; fileEncoding = 4; lastKnownFileType = sourcecode.swift; path = StateType.swift; sourceTree = "<group>"; };
		8B70D68C238CCF040082CD15 /* ActionType.swift */ = {isa = PBXFileReference; fileEncoding = 4; lastKnownFileType = sourcecode.swift; path = ActionType.swift; sourceTree = "<group>"; };
		8B70D691238CCF800082CD15 /* StoreType.swift */ = {isa = PBXFileReference; lastKnownFileType = sourcecode.swift; path = StoreType.swift; sourceTree = "<group>"; };
		8B70D695238D80730082CD15 /* MiddlewareType.swift */ = {isa = PBXFileReference; lastKnownFileType = sourcecode.swift; path = MiddlewareType.swift; sourceTree = "<group>"; };
		8B70D699238D9CD50082CD15 /* TestMiddleware.swift */ = {isa = PBXFileReference; lastKnownFileType = sourcecode.swift; path = TestMiddleware.swift; sourceTree = "<group>"; };
		8BB188B223864C2F00ED6018 /* ListArticlesView.swift */ = {isa = PBXFileReference; lastKnownFileType = sourcecode.swift; path = ListArticlesView.swift; sourceTree = "<group>"; };
		8BB188B523864CB200ED6018 /* ShowProfileView.swift */ = {isa = PBXFileReference; fileEncoding = 4; lastKnownFileType = sourcecode.swift; path = ShowProfileView.swift; sourceTree = "<group>"; };
		8BB188B723864CBE00ED6018 /* ShowArticleView.swift */ = {isa = PBXFileReference; fileEncoding = 4; lastKnownFileType = sourcecode.swift; path = ShowArticleView.swift; sourceTree = "<group>"; };
		8BB188B923864CC300ED6018 /* ListFavoritesView.swift */ = {isa = PBXFileReference; fileEncoding = 4; lastKnownFileType = sourcecode.swift; path = ListFavoritesView.swift; sourceTree = "<group>"; };
		8BB188BB23864CC800ED6018 /* ShowSettingsView.swift */ = {isa = PBXFileReference; fileEncoding = 4; lastKnownFileType = sourcecode.swift; path = ShowSettingsView.swift; sourceTree = "<group>"; };
		8BCDF53D238B15BE00FCC1F6 /* ShowArticleAction.swift */ = {isa = PBXFileReference; lastKnownFileType = sourcecode.swift; path = ShowArticleAction.swift; sourceTree = "<group>"; };
		8BCDF53F238B15CC00FCC1F6 /* ShowArticleState.swift */ = {isa = PBXFileReference; lastKnownFileType = sourcecode.swift; path = ShowArticleState.swift; sourceTree = "<group>"; };
		8BCDF541238B681700FCC1F6 /* ListArticlesReducer.swift */ = {isa = PBXFileReference; lastKnownFileType = sourcecode.swift; path = ListArticlesReducer.swift; sourceTree = "<group>"; };
		8BCDF543238C076C00FCC1F6 /* ShowArticleReducer.swift */ = {isa = PBXFileReference; lastKnownFileType = sourcecode.swift; path = ShowArticleReducer.swift; sourceTree = "<group>"; };
		8BCDF545238C145900FCC1F6 /* ListFavoritesReducer.swift */ = {isa = PBXFileReference; lastKnownFileType = sourcecode.swift; path = ListFavoritesReducer.swift; sourceTree = "<group>"; };
		8BEFE5582388F390000508B5 /* LaunchMainRender.swift */ = {isa = PBXFileReference; fileEncoding = 4; lastKnownFileType = sourcecode.swift; path = LaunchMainRender.swift; sourceTree = "<group>"; };
		8BEFE55B2388F39E000508B5 /* ListArticlesAction.swift */ = {isa = PBXFileReference; fileEncoding = 4; lastKnownFileType = sourcecode.swift; path = ListArticlesAction.swift; sourceTree = "<group>"; };
		8BEFE55C2388F39E000508B5 /* ListArticlesState.swift */ = {isa = PBXFileReference; fileEncoding = 4; lastKnownFileType = sourcecode.swift; path = ListArticlesState.swift; sourceTree = "<group>"; };
		8BEFE55E2388F39E000508B5 /* ListArticlesRender.swift */ = {isa = PBXFileReference; fileEncoding = 4; lastKnownFileType = sourcecode.swift; path = ListArticlesRender.swift; sourceTree = "<group>"; };
		8BF8579A2385CD470046FEC7 /* NewsReader.app */ = {isa = PBXFileReference; explicitFileType = wrapper.application; includeInIndex = 0; path = NewsReader.app; sourceTree = BUILT_PRODUCTS_DIR; };
		8BF8579D2385CD470046FEC7 /* AppDelegate.swift */ = {isa = PBXFileReference; lastKnownFileType = sourcecode.swift; path = AppDelegate.swift; sourceTree = "<group>"; };
		8BF857A32385CD4A0046FEC7 /* Assets.xcassets */ = {isa = PBXFileReference; lastKnownFileType = folder.assetcatalog; path = Assets.xcassets; sourceTree = "<group>"; };
		8BF857A62385CD4A0046FEC7 /* Preview Assets.xcassets */ = {isa = PBXFileReference; lastKnownFileType = folder.assetcatalog; path = "Preview Assets.xcassets"; sourceTree = "<group>"; };
		8BF857A92385CD4A0046FEC7 /* Base */ = {isa = PBXFileReference; lastKnownFileType = file.storyboard; name = Base; path = Base.lproj/LaunchScreen.storyboard; sourceTree = "<group>"; };
		8BF857AB2385CD4A0046FEC7 /* Info.plist */ = {isa = PBXFileReference; lastKnownFileType = text.plist.xml; path = Info.plist; sourceTree = "<group>"; };
		8BF857B42385CDA30046FEC7 /* SceneDelegate.swift */ = {isa = PBXFileReference; fileEncoding = 4; lastKnownFileType = sourcecode.swift; path = SceneDelegate.swift; sourceTree = "<group>"; };
		8BF857BC2385EE490046FEC7 /* AppCore.swift */ = {isa = PBXFileReference; lastKnownFileType = sourcecode.swift; path = AppCore.swift; sourceTree = "<group>"; };
		8BF857BE2385EECA0046FEC7 /* NewsReader.entitlements */ = {isa = PBXFileReference; lastKnownFileType = text.plist.entitlements; path = NewsReader.entitlements; sourceTree = "<group>"; };
		8BF857C12385EF5F0046FEC7 /* seed.json */ = {isa = PBXFileReference; lastKnownFileType = text.json; path = seed.json; sourceTree = "<group>"; };
		8BF857C42385EFB20046FEC7 /* DefaultTheme.swift */ = {isa = PBXFileReference; lastKnownFileType = sourcecode.swift; path = DefaultTheme.swift; sourceTree = "<group>"; };
		8BF857C62385F00A0046FEC7 /* Theme.xcassets */ = {isa = PBXFileReference; lastKnownFileType = folder.assetcatalog; path = Theme.xcassets; sourceTree = "<group>"; };
		8BF857C82386079C0046FEC7 /* AppStore.swift */ = {isa = PBXFileReference; lastKnownFileType = sourcecode.swift; path = AppStore.swift; sourceTree = "<group>"; };
		8BFB234423870CE70039EBEE /* LoggerPlugin.swift */ = {isa = PBXFileReference; lastKnownFileType = sourcecode.swift; path = LoggerPlugin.swift; sourceTree = "<group>"; };
		8BFB234623870CF50039EBEE /* CachePlugin.swift */ = {isa = PBXFileReference; lastKnownFileType = sourcecode.swift; path = CachePlugin.swift; sourceTree = "<group>"; };
		8BFB2351238729160039EBEE /* SceneRender.swift */ = {isa = PBXFileReference; lastKnownFileType = sourcecode.swift; path = SceneRender.swift; sourceTree = "<group>"; };
/* End PBXFileReference section */

/* Begin PBXFrameworksBuildPhase section */
		8BF857972385CD470046FEC7 /* Frameworks */ = {
			isa = PBXFrameworksBuildPhase;
			buildActionMask = 2147483647;
			files = (
				8BF857BB2385E69B0046FEC7 /* NewsCore in Frameworks */,
			);
			runOnlyForDeploymentPostprocessing = 0;
		};
/* End PBXFrameworksBuildPhase section */

/* Begin PBXGroup section */
		8B2CACC72387687D008AFD30 /* Styles */ = {
			isa = PBXGroup;
			children = (
				8BF857C42385EFB20046FEC7 /* DefaultTheme.swift */,
				8BF857C62385F00A0046FEC7 /* Theme.xcassets */,
			);
			path = Styles;
			sourceTree = "<group>";
		};
		8B2CACCA2388C04E008AFD30 /* LaunchMain */ = {
			isa = PBXGroup;
			children = (
				8B2CACCB2388C05D008AFD30 /* LaunchMainView.swift */,
				8BEFE5582388F390000508B5 /* LaunchMainRender.swift */,
			);
			path = LaunchMain;
			sourceTree = "<group>";
		};
		8B70D697238D9CBD0082CD15 /* Plugins */ = {
			isa = PBXGroup;
			children = (
				8BFB234623870CF50039EBEE /* CachePlugin.swift */,
				8BFB234423870CE70039EBEE /* LoggerPlugin.swift */,
			);
			path = Plugins;
			sourceTree = "<group>";
		};
		8B70D698238D9CC30082CD15 /* Middleware */ = {
			isa = PBXGroup;
			children = (
				8B70D699238D9CD50082CD15 /* TestMiddleware.swift */,
			);
			path = Middleware;
			sourceTree = "<group>";
		};
		8BB188B123863E5400ED6018 /* Supporting Files */ = {
			isa = PBXGroup;
			children = (
				8BF857BE2385EECA0046FEC7 /* NewsReader.entitlements */,
				8BF857AB2385CD4A0046FEC7 /* Info.plist */,
			);
			name = "Supporting Files";
			sourceTree = "<group>";
		};
		8BB188B423864CB200ED6018 /* ShowProfile */ = {
			isa = PBXGroup;
			children = (
				8BB188B523864CB200ED6018 /* ShowProfileView.swift */,
			);
			path = ShowProfile;
			sourceTree = "<group>";
		};
		8BCDF547238CCEC500FCC1F6 /* View */ = {
			isa = PBXGroup;
			children = (
				8B70D68C238CCF040082CD15 /* ActionType.swift */,
				8B70D695238D80730082CD15 /* MiddlewareType.swift */,
				8B70D68A238CCF040082CD15 /* ReducerType.swift */,
				8B70D689238CCF040082CD15 /* RenderType.swift */,
				8B70D68B238CCF040082CD15 /* StateType.swift */,
				8B70D691238CCF800082CD15 /* StoreType.swift */,
			);
			path = View;
			sourceTree = "<group>";
		};
		8BF8578F2385CCA30046FEC7 = {
			isa = PBXGroup;
			children = (
				8BF8579C2385CD470046FEC7 /* iOS Application */,
				8BF8579B2385CD470046FEC7 /* Products */,
				8BF857B92385E69B0046FEC7 /* Frameworks */,
			);
			sourceTree = "<group>";
		};
		8BF8579B2385CD470046FEC7 /* Products */ = {
			isa = PBXGroup;
			children = (
				8BF8579A2385CD470046FEC7 /* NewsReader.app */,
			);
			name = Products;
			sourceTree = "<group>";
		};
		8BF8579C2385CD470046FEC7 /* iOS Application */ = {
			isa = PBXGroup;
			children = (
				8BF857BF2385EF480046FEC7 /* Common */,
				8BF857AF2385CDA30046FEC7 /* Scenes */,
				8BF857BC2385EE490046FEC7 /* AppCore.swift */,
				8BF8579D2385CD470046FEC7 /* AppDelegate.swift */,
				8BF857C82386079C0046FEC7 /* AppStore.swift */,
				8BF857B42385CDA30046FEC7 /* SceneDelegate.swift */,
				8BFB2351238729160039EBEE /* SceneRender.swift */,
				8BF857A32385CD4A0046FEC7 /* Assets.xcassets */,
				8BB188B123863E5400ED6018 /* Supporting Files */,
				8BF857A52385CD4A0046FEC7 /* Preview Content */,
			);
			path = "iOS Application";
			sourceTree = "<group>";
		};
		8BF857A52385CD4A0046FEC7 /* Preview Content */ = {
			isa = PBXGroup;
			children = (
				8BF857A62385CD4A0046FEC7 /* Preview Assets.xcassets */,
			);
			path = "Preview Content";
			sourceTree = "<group>";
		};
		8BF857AF2385CDA30046FEC7 /* Scenes */ = {
			isa = PBXGroup;
			children = (
				8B2CACCA2388C04E008AFD30 /* LaunchMain */,
				8BF857B02385CDA30046FEC7 /* ListArticles */,
				8BF857B62385CDA30046FEC7 /* ShowArticle */,
				8BF857B52385CDA30046FEC7 /* ListFavorites */,
				8BB188B423864CB200ED6018 /* ShowProfile */,
				8BF857B32385CDA30046FEC7 /* ShowSettings */,
				8BF857A82385CD4A0046FEC7 /* LaunchScreen.storyboard */,
			);
			path = Scenes;
			sourceTree = "<group>";
		};
		8BF857B02385CDA30046FEC7 /* ListArticles */ = {
			isa = PBXGroup;
			children = (
				8BB188B223864C2F00ED6018 /* ListArticlesView.swift */,
				8BEFE55C2388F39E000508B5 /* ListArticlesState.swift */,
				8BEFE55B2388F39E000508B5 /* ListArticlesAction.swift */,
				8BCDF541238B681700FCC1F6 /* ListArticlesReducer.swift */,
				8BEFE55E2388F39E000508B5 /* ListArticlesRender.swift */,
			);
			path = ListArticles;
			sourceTree = "<group>";
		};
		8BF857B32385CDA30046FEC7 /* ShowSettings */ = {
			isa = PBXGroup;
			children = (
				8BB188BB23864CC800ED6018 /* ShowSettingsView.swift */,
			);
			path = ShowSettings;
			sourceTree = "<group>";
		};
		8BF857B52385CDA30046FEC7 /* ListFavorites */ = {
			isa = PBXGroup;
			children = (
				8BB188B923864CC300ED6018 /* ListFavoritesView.swift */,
				8B051350238A5D3E00CD0C66 /* ListFavoritesState.swift */,
				8B05134E238A5D3100CD0C66 /* ListFavoritesAction.swift */,
				8BCDF545238C145900FCC1F6 /* ListFavoritesReducer.swift */,
			);
			path = ListFavorites;
			sourceTree = "<group>";
		};
		8BF857B62385CDA30046FEC7 /* ShowArticle */ = {
			isa = PBXGroup;
			children = (
				8BB188B723864CBE00ED6018 /* ShowArticleView.swift */,
				8BCDF53F238B15CC00FCC1F6 /* ShowArticleState.swift */,
				8BCDF53D238B15BE00FCC1F6 /* ShowArticleAction.swift */,
				8BCDF543238C076C00FCC1F6 /* ShowArticleReducer.swift */,
			);
			path = ShowArticle;
			sourceTree = "<group>";
		};
		8BF857B92385E69B0046FEC7 /* Frameworks */ = {
			isa = PBXGroup;
			children = (
			);
			name = Frameworks;
			sourceTree = "<group>";
		};
		8BF857BF2385EF480046FEC7 /* Common */ = {
			isa = PBXGroup;
			children = (
				8BFB234123870CBA0039EBEE /* Application */,
				8BF857C02385EF4E0046FEC7 /* Data */,
				8B2CACC72387687D008AFD30 /* Styles */,
				8BCDF547238CCEC500FCC1F6 /* View */,
			);
			path = Common;
			sourceTree = "<group>";
		};
		8BF857C02385EF4E0046FEC7 /* Data */ = {
			isa = PBXGroup;
			children = (
				8BF857C12385EF5F0046FEC7 /* seed.json */,
			);
			path = Data;
			sourceTree = "<group>";
		};
		8BFB234123870CBA0039EBEE /* Application */ = {
			isa = PBXGroup;
			children = (
				8B70D697238D9CBD0082CD15 /* Plugins */,
				8B70D698238D9CC30082CD15 /* Middleware */,
			);
			path = Application;
			sourceTree = "<group>";
		};
/* End PBXGroup section */

/* Begin PBXNativeTarget section */
		8BF857992385CD470046FEC7 /* NewsReader iOS */ = {
			isa = PBXNativeTarget;
			buildConfigurationList = 8BF857AC2385CD4A0046FEC7 /* Build configuration list for PBXNativeTarget "NewsReader iOS" */;
			buildPhases = (
				8BF857962385CD470046FEC7 /* Sources */,
				8BF857972385CD470046FEC7 /* Frameworks */,
				8BF857982385CD470046FEC7 /* Resources */,
			);
			buildRules = (
			);
			dependencies = (
			);
			name = "NewsReader iOS";
			packageProductDependencies = (
				8BF857BA2385E69B0046FEC7 /* NewsCore */,
			);
			productName = "NewsReader iOS";
			productReference = 8BF8579A2385CD470046FEC7 /* NewsReader.app */;
			productType = "com.apple.product-type.application";
		};
/* End PBXNativeTarget section */

/* Begin PBXProject section */
		8BF857902385CCA30046FEC7 /* Project object */ = {
			isa = PBXProject;
			attributes = {
				LastSwiftUpdateCheck = 1120;
				LastUpgradeCheck = 1120;
				TargetAttributes = {
					8BF857992385CD470046FEC7 = {
						CreatedOnToolsVersion = 11.2.1;
					};
				};
			};
			buildConfigurationList = 8BF857932385CCA30046FEC7 /* Build configuration list for PBXProject "NewsReader" */;
			compatibilityVersion = "Xcode 9.3";
			developmentRegion = en;
			hasScannedForEncodings = 0;
			knownRegions = (
				en,
				Base,
			);
			mainGroup = 8BF8578F2385CCA30046FEC7;
			productRefGroup = 8BF8579B2385CD470046FEC7 /* Products */;
			projectDirPath = "";
			projectRoot = "";
			targets = (
				8BF857992385CD470046FEC7 /* NewsReader iOS */,
			);
		};
/* End PBXProject section */

/* Begin PBXResourcesBuildPhase section */
		8BF857982385CD470046FEC7 /* Resources */ = {
			isa = PBXResourcesBuildPhase;
			buildActionMask = 2147483647;
			files = (
				8BF857AA2385CD4A0046FEC7 /* LaunchScreen.storyboard in Resources */,
				8BF857A72385CD4A0046FEC7 /* Preview Assets.xcassets in Resources */,
				8BF857C72385F00A0046FEC7 /* Theme.xcassets in Resources */,
				8BF857C22385EF5F0046FEC7 /* seed.json in Resources */,
				8BF857A42385CD4A0046FEC7 /* Assets.xcassets in Resources */,
			);
			runOnlyForDeploymentPostprocessing = 0;
		};
/* End PBXResourcesBuildPhase section */

/* Begin PBXSourcesBuildPhase section */
		8BF857962385CD470046FEC7 /* Sources */ = {
			isa = PBXSourcesBuildPhase;
			buildActionMask = 2147483647;
			files = (
				8BFB234723870CF50039EBEE /* CachePlugin.swift in Sources */,
				8BEFE5602388F39E000508B5 /* ListArticlesState.swift in Sources */,
				8BF857B82385CDA30046FEC7 /* SceneDelegate.swift in Sources */,
				8B70D696238D80730082CD15 /* MiddlewareType.swift in Sources */,
				8BCDF544238C076C00FCC1F6 /* ShowArticleReducer.swift in Sources */,
				8BB188B823864CBE00ED6018 /* ShowArticleView.swift in Sources */,
				8B70D692238CCF800082CD15 /* StoreType.swift in Sources */,
				8B70D68F238CCF040082CD15 /* StateType.swift in Sources */,
				8BB188BA23864CC300ED6018 /* ListFavoritesView.swift in Sources */,
				8BCDF546238C145900FCC1F6 /* ListFavoritesReducer.swift in Sources */,
				8BEFE55A2388F390000508B5 /* LaunchMainRender.swift in Sources */,
				8BF857BD2385EE490046FEC7 /* AppCore.swift in Sources */,
				8BEFE5622388F39E000508B5 /* ListArticlesRender.swift in Sources */,
				8B70D69A238D9CD50082CD15 /* TestMiddleware.swift in Sources */,
				8BF8579E2385CD470046FEC7 /* AppDelegate.swift in Sources */,
				8BEFE55F2388F39E000508B5 /* ListArticlesAction.swift in Sources */,
				8BCDF542238B681700FCC1F6 /* ListArticlesReducer.swift in Sources */,
				8BF857C92386079D0046FEC7 /* AppStore.swift in Sources */,
				8BCDF53E238B15BE00FCC1F6 /* ShowArticleAction.swift in Sources */,
				8B70D68D238CCF040082CD15 /* RenderType.swift in Sources */,
				8B051351238A5D3E00CD0C66 /* ListFavoritesState.swift in Sources */,
				8BB188BC23864CC800ED6018 /* ShowSettingsView.swift in Sources */,
				8B05134F238A5D3100CD0C66 /* ListFavoritesAction.swift in Sources */,
				8BB188B623864CB200ED6018 /* ShowProfileView.swift in Sources */,
				8BFB234523870CE70039EBEE /* LoggerPlugin.swift in Sources */,
				8BFB2352238729160039EBEE /* SceneRender.swift in Sources */,
				8BF857C52385EFB20046FEC7 /* DefaultTheme.swift in Sources */,
				8B2CACCC2388C05D008AFD30 /* LaunchMainView.swift in Sources */,
				8BB188B323864C2F00ED6018 /* ListArticlesView.swift in Sources */,
				8BCDF540238B15CC00FCC1F6 /* ShowArticleState.swift in Sources */,
				8B70D68E238CCF040082CD15 /* ReducerType.swift in Sources */,
				8B70D690238CCF040082CD15 /* ActionType.swift in Sources */,
			);
			runOnlyForDeploymentPostprocessing = 0;
		};
/* End PBXSourcesBuildPhase section */

/* Begin PBXVariantGroup section */
		8BF857A82385CD4A0046FEC7 /* LaunchScreen.storyboard */ = {
			isa = PBXVariantGroup;
			children = (
				8BF857A92385CD4A0046FEC7 /* Base */,
			);
			name = LaunchScreen.storyboard;
			sourceTree = "<group>";
		};
/* End PBXVariantGroup section */

/* Begin XCBuildConfiguration section */
		8BF857942385CCA30046FEC7 /* Debug */ = {
			isa = XCBuildConfiguration;
			buildSettings = {
				GCC_PREPROCESSOR_DEFINITIONS = "DEBUG=1";
				IPHONEOS_DEPLOYMENT_TARGET = 13.0;
				SWIFT_ACTIVE_COMPILATION_CONDITIONS = DEBUG;
				TVOS_DEPLOYMENT_TARGET = 13.0;
				WATCHOS_DEPLOYMENT_TARGET = 6.0;
			};
			name = Debug;
		};
		8BF857952385CCA30046FEC7 /* Release */ = {
			isa = XCBuildConfiguration;
			buildSettings = {
				IPHONEOS_DEPLOYMENT_TARGET = 13.0;
				TVOS_DEPLOYMENT_TARGET = 13.0;
				WATCHOS_DEPLOYMENT_TARGET = 6.0;
			};
			name = Release;
		};
		8BF857AD2385CD4A0046FEC7 /* Debug */ = {
			isa = XCBuildConfiguration;
			buildSettings = {
				ALWAYS_SEARCH_USER_PATHS = NO;
				ASSETCATALOG_COMPILER_APPICON_NAME = AppIcon;
				CLANG_ANALYZER_NONNULL = YES;
				CLANG_ANALYZER_NUMBER_OBJECT_CONVERSION = YES_AGGRESSIVE;
				CLANG_CXX_LANGUAGE_STANDARD = "gnu++14";
				CLANG_CXX_LIBRARY = "libc++";
				CLANG_ENABLE_MODULES = YES;
				CLANG_ENABLE_OBJC_ARC = YES;
				CLANG_ENABLE_OBJC_WEAK = YES;
				CLANG_WARN_BLOCK_CAPTURE_AUTORELEASING = YES;
				CLANG_WARN_BOOL_CONVERSION = YES;
				CLANG_WARN_COMMA = YES;
				CLANG_WARN_CONSTANT_CONVERSION = YES;
				CLANG_WARN_DEPRECATED_OBJC_IMPLEMENTATIONS = YES;
				CLANG_WARN_DIRECT_OBJC_ISA_USAGE = YES_ERROR;
				CLANG_WARN_DOCUMENTATION_COMMENTS = YES;
				CLANG_WARN_EMPTY_BODY = YES;
				CLANG_WARN_ENUM_CONVERSION = YES;
				CLANG_WARN_INFINITE_RECURSION = YES;
				CLANG_WARN_INT_CONVERSION = YES;
				CLANG_WARN_NON_LITERAL_NULL_CONVERSION = YES;
				CLANG_WARN_OBJC_IMPLICIT_RETAIN_SELF = YES;
				CLANG_WARN_OBJC_LITERAL_CONVERSION = YES;
				CLANG_WARN_OBJC_ROOT_CLASS = YES_ERROR;
				CLANG_WARN_RANGE_LOOP_ANALYSIS = YES;
				CLANG_WARN_STRICT_PROTOTYPES = YES;
				CLANG_WARN_SUSPICIOUS_MOVE = YES;
				CLANG_WARN_UNGUARDED_AVAILABILITY = YES_AGGRESSIVE;
				CLANG_WARN_UNREACHABLE_CODE = YES;
				CLANG_WARN__DUPLICATE_METHOD_MATCH = YES;
				CODE_SIGN_ENTITLEMENTS = "iOS Application/NewsReader.entitlements";
				CODE_SIGN_STYLE = Automatic;
				COPY_PHASE_STRIP = NO;
				CURRENT_PROJECT_VERSION = 1;
				DEBUG_INFORMATION_FORMAT = dwarf;
				DEVELOPMENT_ASSET_PATHS = "iOS\\ Application/Preview\\ Content";
				DEVELOPMENT_TEAM = ZYJTUJP7C7;
				ENABLE_PREVIEWS = YES;
				ENABLE_STRICT_OBJC_MSGSEND = YES;
				ENABLE_TESTABILITY = YES;
				GCC_C_LANGUAGE_STANDARD = gnu11;
				GCC_DYNAMIC_NO_PIC = NO;
				GCC_NO_COMMON_BLOCKS = YES;
				GCC_OPTIMIZATION_LEVEL = 0;
				GCC_WARN_64_TO_32_BIT_CONVERSION = YES;
				GCC_WARN_ABOUT_RETURN_TYPE = YES_ERROR;
				GCC_WARN_UNDECLARED_SELECTOR = YES;
				GCC_WARN_UNINITIALIZED_AUTOS = YES_AGGRESSIVE;
				GCC_WARN_UNUSED_FUNCTION = YES;
				GCC_WARN_UNUSED_VARIABLE = YES;
				INFOPLIST_FILE = "iOS Application/Info.plist";
				LD_RUNPATH_SEARCH_PATHS = (
					"$(inherited)",
					"@executable_path/Frameworks",
				);
				MARKETING_VERSION = 1.0.0;
				MTL_ENABLE_DEBUG_INFO = INCLUDE_SOURCE;
				MTL_FAST_MATH = YES;
				ONLY_ACTIVE_ARCH = YES;
				PRODUCT_BUNDLE_IDENTIFIER = "io.zamzam.NewsReader-iOS";
				PRODUCT_NAME = NewsReader;
				SDKROOT = iphoneos;
				SWIFT_OPTIMIZATION_LEVEL = "-Onone";
				SWIFT_VERSION = 5.0;
				TARGETED_DEVICE_FAMILY = "1,2";
			};
			name = Debug;
		};
		8BF857AE2385CD4A0046FEC7 /* Release */ = {
			isa = XCBuildConfiguration;
			buildSettings = {
				ALWAYS_SEARCH_USER_PATHS = NO;
				ASSETCATALOG_COMPILER_APPICON_NAME = AppIcon;
				CLANG_ANALYZER_NONNULL = YES;
				CLANG_ANALYZER_NUMBER_OBJECT_CONVERSION = YES_AGGRESSIVE;
				CLANG_CXX_LANGUAGE_STANDARD = "gnu++14";
				CLANG_CXX_LIBRARY = "libc++";
				CLANG_ENABLE_MODULES = YES;
				CLANG_ENABLE_OBJC_ARC = YES;
				CLANG_ENABLE_OBJC_WEAK = YES;
				CLANG_WARN_BLOCK_CAPTURE_AUTORELEASING = YES;
				CLANG_WARN_BOOL_CONVERSION = YES;
				CLANG_WARN_COMMA = YES;
				CLANG_WARN_CONSTANT_CONVERSION = YES;
				CLANG_WARN_DEPRECATED_OBJC_IMPLEMENTATIONS = YES;
				CLANG_WARN_DIRECT_OBJC_ISA_USAGE = YES_ERROR;
				CLANG_WARN_DOCUMENTATION_COMMENTS = YES;
				CLANG_WARN_EMPTY_BODY = YES;
				CLANG_WARN_ENUM_CONVERSION = YES;
				CLANG_WARN_INFINITE_RECURSION = YES;
				CLANG_WARN_INT_CONVERSION = YES;
				CLANG_WARN_NON_LITERAL_NULL_CONVERSION = YES;
				CLANG_WARN_OBJC_IMPLICIT_RETAIN_SELF = YES;
				CLANG_WARN_OBJC_LITERAL_CONVERSION = YES;
				CLANG_WARN_OBJC_ROOT_CLASS = YES_ERROR;
				CLANG_WARN_RANGE_LOOP_ANALYSIS = YES;
				CLANG_WARN_STRICT_PROTOTYPES = YES;
				CLANG_WARN_SUSPICIOUS_MOVE = YES;
				CLANG_WARN_UNGUARDED_AVAILABILITY = YES_AGGRESSIVE;
				CLANG_WARN_UNREACHABLE_CODE = YES;
				CLANG_WARN__DUPLICATE_METHOD_MATCH = YES;
				CODE_SIGN_ENTITLEMENTS = "iOS Application/NewsReader.entitlements";
				CODE_SIGN_STYLE = Automatic;
				COPY_PHASE_STRIP = NO;
				CURRENT_PROJECT_VERSION = 1;
				DEBUG_INFORMATION_FORMAT = "dwarf-with-dsym";
				DEVELOPMENT_ASSET_PATHS = "iOS\\ Application/Preview\\ Content";
				DEVELOPMENT_TEAM = ZYJTUJP7C7;
				ENABLE_NS_ASSERTIONS = NO;
				ENABLE_PREVIEWS = YES;
				ENABLE_STRICT_OBJC_MSGSEND = YES;
				GCC_C_LANGUAGE_STANDARD = gnu11;
				GCC_NO_COMMON_BLOCKS = YES;
				GCC_WARN_64_TO_32_BIT_CONVERSION = YES;
				GCC_WARN_ABOUT_RETURN_TYPE = YES_ERROR;
				GCC_WARN_UNDECLARED_SELECTOR = YES;
				GCC_WARN_UNINITIALIZED_AUTOS = YES_AGGRESSIVE;
				GCC_WARN_UNUSED_FUNCTION = YES;
				GCC_WARN_UNUSED_VARIABLE = YES;
				INFOPLIST_FILE = "iOS Application/Info.plist";
				LD_RUNPATH_SEARCH_PATHS = (
					"$(inherited)",
					"@executable_path/Frameworks",
				);
				MARKETING_VERSION = 1.0.0;
				MTL_ENABLE_DEBUG_INFO = NO;
				MTL_FAST_MATH = YES;
				PRODUCT_BUNDLE_IDENTIFIER = "io.zamzam.NewsReader-iOS";
				PRODUCT_NAME = NewsReader;
				SDKROOT = iphoneos;
				SWIFT_COMPILATION_MODE = wholemodule;
				SWIFT_OPTIMIZATION_LEVEL = "-O";
				SWIFT_VERSION = 5.0;
				TARGETED_DEVICE_FAMILY = "1,2";
				VALIDATE_PRODUCT = YES;
			};
			name = Release;
		};
/* End XCBuildConfiguration section */

/* Begin XCConfigurationList section */
		8BF857932385CCA30046FEC7 /* Build configuration list for PBXProject "NewsReader" */ = {
			isa = XCConfigurationList;
			buildConfigurations = (
				8BF857942385CCA30046FEC7 /* Debug */,
				8BF857952385CCA30046FEC7 /* Release */,
			);
			defaultConfigurationIsVisible = 0;
			defaultConfigurationName = Release;
		};
		8BF857AC2385CD4A0046FEC7 /* Build configuration list for PBXNativeTarget "NewsReader iOS" */ = {
			isa = XCConfigurationList;
			buildConfigurations = (
				8BF857AD2385CD4A0046FEC7 /* Debug */,
				8BF857AE2385CD4A0046FEC7 /* Release */,
			);
			defaultConfigurationIsVisible = 0;
			defaultConfigurationName = Release;
		};
/* End XCConfigurationList section */

/* Begin XCSwiftPackageProductDependency section */
		8BF857BA2385E69B0046FEC7 /* NewsCore */ = {
			isa = XCSwiftPackageProductDependency;
			productName = NewsCore;
		};
/* End XCSwiftPackageProductDependency section */
	};
	rootObject = 8BF857902385CCA30046FEC7 /* Project object */;
}
